// !$*UTF8*$!
{
	archiveVersion = 1;
	classes = {
	};
	objectVersion = 46;
	objects = {

/* Begin PBXBuildFile section */
		52CD1BEC1A1301090074CC13 /* AppDelegate.swift in Sources */ = {isa = PBXBuildFile; fileRef = 52CD1BEB1A1301090074CC13 /* AppDelegate.swift */; };
		52CD1BEE1A1301090074CC13 /* ViewController.swift in Sources */ = {isa = PBXBuildFile; fileRef = 52CD1BED1A1301090074CC13 /* ViewController.swift */; };
		52CD1BF11A1301090074CC13 /* Main.storyboard in Resources */ = {isa = PBXBuildFile; fileRef = 52CD1BEF1A1301090074CC13 /* Main.storyboard */; };
		52CD1BF31A1301090074CC13 /* Images.xcassets in Resources */ = {isa = PBXBuildFile; fileRef = 52CD1BF21A1301090074CC13 /* Images.xcassets */; };
		52CD1BF61A1301090074CC13 /* LaunchScreen.xib in Resources */ = {isa = PBXBuildFile; fileRef = 52CD1BF41A1301090074CC13 /* LaunchScreen.xib */; };
		52CD1C021A1301090074CC13 /* PostcardTests.swift in Sources */ = {isa = PBXBuildFile; fileRef = 52CD1C011A1301090074CC13 /* PostcardTests.swift */; };
		52CD1C0C1A1306C70074CC13 /* SagradaFamilia.jpeg in Resources */ = {isa = PBXBuildFile; fileRef = 52CD1C0B1A1306C70074CC13 /* SagradaFamilia.jpeg */; };
		52CD1C0E1A1309A10074CC13 /* AlbertEinsteinStamp.jpg in Resources */ = {isa = PBXBuildFile; fileRef = 52CD1C0D1A1309A10074CC13 /* AlbertEinsteinStamp.jpg */; };
/* End PBXBuildFile section */

/* Begin PBXContainerItemProxy section */
		52CD1BFC1A1301090074CC13 /* PBXContainerItemProxy */ = {
			isa = PBXContainerItemProxy;
			containerPortal = 52CD1BDE1A1301090074CC13 /* Project object */;
			proxyType = 1;
			remoteGlobalIDString = 52CD1BE51A1301090074CC13;
			remoteInfo = Postcard;
		};
/* End PBXContainerItemProxy section */

/* Begin PBXFileReference section */
		52CD1BE61A1301090074CC13 /* Postcard.app */ = {isa = PBXFileReference; explicitFileType = wrapper.application; includeInIndex = 0; path = Postcard.app; sourceTree = BUILT_PRODUCTS_DIR; };
		52CD1BEA1A1301090074CC13 /* Info.plist */ = {isa = PBXFileReference; lastKnownFileType = text.plist.xml; path = Info.plist; sourceTree = "<group>"; };
		52CD1BEB1A1301090074CC13 /* AppDelegate.swift */ = {isa = PBXFileReference; lastKnownFileType = sourcecode.swift; path = AppDelegate.swift; sourceTree = "<group>"; };
		52CD1BED1A1301090074CC13 /* ViewController.swift */ = {isa = PBXFileReference; lastKnownFileType = sourcecode.swift; path = ViewController.swift; sourceTree = "<group>"; };
		52CD1BF01A1301090074CC13 /* Base */ = {isa = PBXFileReference; lastKnownFileType = file.storyboard; name = Base; path = Base.lproj/Main.storyboard; sourceTree = "<group>"; };
		52CD1BF21A1301090074CC13 /* Images.xcassets */ = {isa = PBXFileReference; lastKnownFileType = folder.assetcatalog; path = Images.xcassets; sourceTree = "<group>"; };
		52CD1BF51A1301090074CC13 /* Base */ = {isa = PBXFileReference; lastKnownFileType = file.xib; name = Base; path = Base.lproj/LaunchScreen.xib; sourceTree = "<group>"; };
		52CD1BFB1A1301090074CC13 /* PostcardTests.xctest */ = {isa = PBXFileReference; explicitFileType = wrapper.cfbundle; includeInIndex = 0; path = PostcardTests.xctest; sourceTree = BUILT_PRODUCTS_DIR; };
		52CD1C001A1301090074CC13 /* Info.plist */ = {isa = PBXFileReference; lastKnownFileType = text.plist.xml; path = Info.plist; sourceTree = "<group>"; };
		52CD1C011A1301090074CC13 /* PostcardTests.swift */ = {isa = PBXFileReference; lastKnownFileType = sourcecode.swift; path = PostcardTests.swift; sourceTree = "<group>"; };
		52CD1C0B1A1306C70074CC13 /* SagradaFamilia.jpeg */ = {isa = PBXFileReference; lastKnownFileType = image.jpeg; path = SagradaFamilia.jpeg; sourceTree = "<group>"; };
		52CD1C0D1A1309A10074CC13 /* AlbertEinsteinStamp.jpg */ = {isa = PBXFileReference; lastKnownFileType = image.jpeg; path = AlbertEinsteinStamp.jpg; sourceTree = "<group>"; };
/* End PBXFileReference section */

/* Begin PBXFrameworksBuildPhase section */
		52CD1BE31A1301090074CC13 /* Frameworks */ = {
			isa = PBXFrameworksBuildPhase;
			buildActionMask = 2147483647;
			files = (
			);
			runOnlyForDeploymentPostprocessing = 0;
		};
		52CD1BF81A1301090074CC13 /* Frameworks */ = {
			isa = PBXFrameworksBuildPhase;
			buildActionMask = 2147483647;
			files = (
			);
			runOnlyForDeploymentPostprocessing = 0;
		};
/* End PBXFrameworksBuildPhase section */

/* Begin PBXGroup section */
		52CD1BDD1A1301090074CC13 = {
			isa = PBXGroup;
			children = (
				52CD1BE81A1301090074CC13 /* Postcard */,
				52CD1BFE1A1301090074CC13 /* PostcardTests */,
				52CD1BE71A1301090074CC13 /* Products */,
			);
			sourceTree = "<group>";
		};
		52CD1BE71A1301090074CC13 /* Products */ = {
			isa = PBXGroup;
			children = (
				52CD1BE61A1301090074CC13 /* Postcard.app */,
				52CD1BFB1A1301090074CC13 /* PostcardTests.xctest */,
			);
			name = Products;
			sourceTree = "<group>";
		};
		52CD1BE81A1301090074CC13 /* Postcard */ = {
			isa = PBXGroup;
			children = (
				52CD1BEB1A1301090074CC13 /* AppDelegate.swift */,
				52CD1BED1A1301090074CC13 /* ViewController.swift */,
				52CD1BEF1A1301090074CC13 /* Main.storyboard */,
				52CD1BF21A1301090074CC13 /* Images.xcassets */,
				52CD1BF41A1301090074CC13 /* LaunchScreen.xib */,
				52CD1BE91A1301090074CC13 /* Supporting Files */,
			);
			path = Postcard;
			sourceTree = "<group>";
		};
		52CD1BE91A1301090074CC13 /* Supporting Files */ = {
			isa = PBXGroup;
			children = (
				52CD1C0D1A1309A10074CC13 /* AlbertEinsteinStamp.jpg */,
				52CD1C0B1A1306C70074CC13 /* SagradaFamilia.jpeg */,
				52CD1BEA1A1301090074CC13 /* Info.plist */,
			);
			name = "Supporting Files";
			sourceTree = "<group>";
		};
		52CD1BFE1A1301090074CC13 /* PostcardTests */ = {
			isa = PBXGroup;
			children = (
				52CD1C011A1301090074CC13 /* PostcardTests.swift */,
				52CD1BFF1A1301090074CC13 /* Supporting Files */,
			);
			path = PostcardTests;
			sourceTree = "<group>";
		};
		52CD1BFF1A1301090074CC13 /* Supporting Files */ = {
			isa = PBXGroup;
			children = (
				52CD1C001A1301090074CC13 /* Info.plist */,
			);
			name = "Supporting Files";
			sourceTree = "<group>";
		};
/* End PBXGroup section */

/* Begin PBXNativeTarget section */
		52CD1BE51A1301090074CC13 /* Postcard */ = {
			isa = PBXNativeTarget;
			buildConfigurationList = 52CD1C051A1301090074CC13 /* Build configuration list for PBXNativeTarget "Postcard" */;
			buildPhases = (
				52CD1BE21A1301090074CC13 /* Sources */,
				52CD1BE31A1301090074CC13 /* Frameworks */,
				52CD1BE41A1301090074CC13 /* Resources */,
			);
			buildRules = (
			);
			dependencies = (
			);
			name = Postcard;
			productName = Postcard;
			productReference = 52CD1BE61A1301090074CC13 /* Postcard.app */;
			productType = "com.apple.product-type.application";
		};
		52CD1BFA1A1301090074CC13 /* PostcardTests */ = {
			isa = PBXNativeTarget;
			buildConfigurationList = 52CD1C081A1301090074CC13 /* Build configuration list for PBXNativeTarget "PostcardTests" */;
			buildPhases = (
				52CD1BF71A1301090074CC13 /* Sources */,
				52CD1BF81A1301090074CC13 /* Frameworks */,
				52CD1BF91A1301090074CC13 /* Resources */,
			);
			buildRules = (
			);
			dependencies = (
				52CD1BFD1A1301090074CC13 /* PBXTargetDependency */,
			);
			name = PostcardTests;
			productName = PostcardTests;
			productReference = 52CD1BFB1A1301090074CC13 /* PostcardTests.xctest */;
			productType = "com.apple.product-type.bundle.unit-test";
		};
/* End PBXNativeTarget section */

/* Begin PBXProject section */
		52CD1BDE1A1301090074CC13 /* Project object */ = {
			isa = PBXProject;
			attributes = {
				LastUpgradeCheck = 0610;
				ORGANIZATIONNAME = "John Merlino";
				TargetAttributes = {
					52CD1BE51A1301090074CC13 = {
						CreatedOnToolsVersion = 6.1;
					};
					52CD1BFA1A1301090074CC13 = {
						CreatedOnToolsVersion = 6.1;
						TestTargetID = 52CD1BE51A1301090074CC13;
					};
				};
			};
			buildConfigurationList = 52CD1BE11A1301090074CC13 /* Build configuration list for PBXProject "Postcard" */;
			compatibilityVersion = "Xcode 3.2";
			developmentRegion = English;
			hasScannedForEncodings = 0;
			knownRegions = (
				en,
				Base,
			);
			mainGroup = 52CD1BDD1A1301090074CC13;
			productRefGroup = 52CD1BE71A1301090074CC13 /* Products */;
			projectDirPath = "";
			projectRoot = "";
			targets = (
				52CD1BE51A1301090074CC13 /* Postcard */,
				52CD1BFA1A1301090074CC13 /* PostcardTests */,
			);
		};
/* End PBXProject section */

/* Begin PBXResourcesBuildPhase section */
		52CD1BE41A1301090074CC13 /* Resources */ = {
			isa = PBXResourcesBuildPhase;
			buildActionMask = 2147483647;
			files = (
				52CD1BF11A1301090074CC13 /* Main.storyboard in Resources */,
				52CD1C0C1A1306C70074CC13 /* SagradaFamilia.jpeg in Resources */,
				52CD1C0E1A1309A10074CC13 /* AlbertEinsteinStamp.jpg in Resources */,
				52CD1BF61A1301090074CC13 /* LaunchScreen.xib in Resources */,
				52CD1BF31A1301090074CC13 /* Images.xcassets in Resources */,
			);
			runOnlyForDeploymentPostprocessing = 0;
		};
		52CD1BF91A1301090074CC13 /* Resources */ = {
			isa = PBXResourcesBuildPhase;
			buildActionMask = 2147483647;
			files = (
			);
			runOnlyForDeploymentPostprocessing = 0;
		};
/* End PBXResourcesBuildPhase section */

/* Begin PBXSourcesBuildPhase section */
		52CD1BE21A1301090074CC13 /* Sources */ = {
			isa = PBXSourcesBuildPhase;
			buildActionMask = 2147483647;
			files = (
				52CD1BEE1A1301090074CC13 /* ViewController.swift in Sources */,
				52CD1BEC1A1301090074CC13 /* AppDelegate.swift in Sources */,
			);
			runOnlyForDeploymentPostprocessing = 0;
		};
		52CD1BF71A1301090074CC13 /* Sources */ = {
			isa = PBXSourcesBuildPhase;
			buildActionMask = 2147483647;
			files = (
				52CD1C021A1301090074CC13 /* PostcardTests.swift in Sources */,
			);
			runOnlyForDeploymentPostprocessing = 0;
		};
/* End PBXSourcesBuildPhase section */

/* Begin PBXTargetDependency section */
		52CD1BFD1A1301090074CC13 /* PBXTargetDependency */ = {
			isa = PBXTargetDependency;
			target = 52CD1BE51A1301090074CC13 /* Postcard */;
			targetProxy = 52CD1BFC1A1301090074CC13 /* PBXContainerItemProxy */;
		};
/* End PBXTargetDependency section */

/* Begin PBXVariantGroup section */
		52CD1BEF1A1301090074CC13 /* Main.storyboard */ = {
			isa = PBXVariantGroup;
			children = (
				52CD1BF01A1301090074CC13 /* Base */,
			);
			name = Main.storyboard;
			sourceTree = "<group>";
		};
		52CD1BF41A1301090074CC13 /* LaunchScreen.xib */ = {
			isa = PBXVariantGroup;
			children = (
				52CD1BF51A1301090074CC13 /* Base */,
			);
			name = LaunchScreen.xib;
			sourceTree = "<group>";
		};
/* End PBXVariantGroup section */

/* Begin XCBuildConfiguration section */
		52CD1C031A1301090074CC13 /* Debug */ = {
			isa = XCBuildConfiguration;
			buildSettings = {
				ALWAYS_SEARCH_USER_PATHS = NO;
				CLANG_CXX_LANGUAGE_STANDARD = "gnu++0x";
				CLANG_CXX_LIBRARY = "libc++";
				CLANG_ENABLE_MODULES = YES;
				CLANG_ENABLE_OBJC_ARC = YES;
				CLANG_WARN_BOOL_CONVERSION = YES;
				CLANG_WARN_CONSTANT_CONVERSION = YES;
				CLANG_WARN_DIRECT_OBJC_ISA_USAGE = YES_ERROR;
				CLANG_WARN_EMPTY_BODY = YES;
				CLANG_WARN_ENUM_CONVERSION = YES;
				CLANG_WARN_INT_CONVERSION = YES;
				CLANG_WARN_OBJC_ROOT_CLASS = YES_ERROR;
				CLANG_WARN_UNREACHABLE_CODE = YES;
				CLANG_WARN__DUPLICATE_METHOD_MATCH = YES;
				"CODE_SIGN_IDENTITY[sdk=iphoneos*]" = "iPhone Developer";
				COPY_PHASE_STRIP = NO;
				ENABLE_STRICT_OBJC_MSGSEND = YES;
				GCC_C_LANGUAGE_STANDARD = gnu99;
				GCC_DYNAMIC_NO_PIC = NO;
				GCC_OPTIMIZATION_LEVEL = 0;
				GCC_PREPROCESSOR_DEFINITIONS = (
					"DEBUG=1",
					"$(inherited)",
				);
				GCC_SYMBOLS_PRIVATE_EXTERN = NO;
				GCC_WARN_64_TO_32_BIT_CONVERSION = YES;
				GCC_WARN_ABOUT_RETURN_TYPE = YES_ERROR;
				GCC_WARN_UNDECLARED_SELECTOR = YES;
				GCC_WARN_UNINITIALIZED_AUTOS = YES_AGGRESSIVE;
				GCC_WARN_UNUSED_FUNCTION = YES;
				GCC_WARN_UNUSED_VARIABLE = YES;
				IPHONEOS_DEPLOYMENT_TARGET = 8.1;
				MTL_ENABLE_DEBUG_INFO = YES;
				ONLY_ACTIVE_ARCH = YES;
				SDKROOT = iphoneos;
				SWIFT_OPTIMIZATION_LEVEL = "-Onone";
				TARGETED_DEVICE_FAMILY = "1,2";
			};
			name = Debug;
		};
		52CD1C041A1301090074CC13 /* Release */ = {
			isa = XCBuildConfiguration;
			buildSettings = {
				ALWAYS_SEARCH_USER_PATHS = NO;
				CLANG_CXX_LANGUAGE_STANDARD = "gnu++0x";
				CLANG_CXX_LIBRARY = "libc++";
				CLANG_ENABLE_MODULES = YES;
				CLANG_ENABLE_OBJC_ARC = YES;
				CLANG_WARN_BOOL_CONVERSION = YES;
				CLANG_WARN_CONSTANT_CONVERSION = YES;
				CLANG_WARN_DIRECT_OBJC_ISA_USAGE = YES_ERROR;
				CLANG_WARN_EMPTY_BODY = YES;
				CLANG_WARN_ENUM_CONVERSION = YES;
				CLANG_WARN_INT_CONVERSION = YES;
				CLANG_WARN_OBJC_ROOT_CLASS = YES_ERROR;
				CLANG_WARN_UNREACHABLE_CODE = YES;
				CLANG_WARN__DUPLICATE_METHOD_MATCH = YES;
				"CODE_SIGN_IDENTITY[sdk=iphoneos*]" = "iPhone Developer";
				COPY_PHASE_STRIP = YES;
				ENABLE_NS_ASSERTIONS = NO;
				ENABLE_STRICT_OBJC_MSGSEND = YES;
				GCC_C_LANGUAGE_STANDARD = gnu99;
				GCC_WARN_64_TO_32_BIT_CONVERSION = YES;
				GCC_WARN_ABOUT_RETURN_TYPE = YES_ERROR;
				GCC_WARN_UNDECLARED_SELECTOR = YES;
				GCC_WARN_UNINITIALIZED_AUTOS = YES_AGGRESSIVE;
				GCC_WARN_UNUSED_FUNCTION = YES;
				GCC_WARN_UNUSED_VARIABLE = YES;
				IPHONEOS_DEPLOYMENT_TARGET = 8.1;
				MTL_ENABLE_DEBUG_INFO = NO;
				SDKROOT = iphoneos;
				TARGETED_DEVICE_FAMILY = "1,2";
				VALIDATE_PRODUCT = YES;
			};
			name = Release;
		};
		52CD1C061A1301090074CC13 /* Debug */ = {
			isa = XCBuildConfiguration;
			buildSettings = {
				ASSETCATALOG_COMPILER_APPICON_NAME = AppIcon;
				INFOPLIST_FILE = Postcard/Info.plist;
				LD_RUNPATH_SEARCH_PATHS = "$(inherited) @executable_path/Frameworks";
				PRODUCT_NAME = "$(TARGET_NAME)";
			};
			name = Debug;
		};
		52CD1C071A1301090074CC13 /* Release */ = {
			isa = XCBuildConfiguration;
			buildSettings = {
				ASSETCATALOG_COMPILER_APPICON_NAME = AppIcon;
				INFOPLIST_FILE = Postcard/Info.plist;
				LD_RUNPATH_SEARCH_PATHS = "$(inherited) @executable_path/Frameworks";
				PRODUCT_NAME = "$(TARGET_NAME)";
			};
			name = Release;
		};
		52CD1C091A1301090074CC13 /* Debug */ = {
			isa = XCBuildConfiguration;
			buildSettings = {
				BUNDLE_LOADER = "$(TEST_HOST)";
				FRAMEWORK_SEARCH_PATHS = (
					"$(SDKROOT)/Developer/Library/Frameworks",
					"$(inherited)",
				);
				GCC_PREPROCESSOR_DEFINITIONS = (
					"DEBUG=1",
					"$(inherited)",
				);
				INFOPLIST_FILE = PostcardTests/Info.plist;
				LD_RUNPATH_SEARCH_PATHS = "$(inherited) @executable_path/Frameworks @loader_path/Frameworks";
				PRODUCT_NAME = "$(TARGET_NAME)";
				TEST_HOST = "$(BUILT_PRODUCTS_DIR)/Postcard.app/Postcard";
			};
			name = Debug;
		};
		52CD1C0A1A1301090074CC13 /* Release */ = {
			isa = XCBuildConfiguration;
			buildSettings = {
				BUNDLE_LOADER = "$(TEST_HOST)";
				FRAMEWORK_SEARCH_PATHS = (
					"$(SDKROOT)/Developer/Library/Frameworks",
					"$(inherited)",
				);
				INFOPLIST_FILE = PostcardTests/Info.plist;
				LD_RUNPATH_SEARCH_PATHS = "$(inherited) @executable_path/Frameworks @loader_path/Frameworks";
				PRODUCT_NAME = "$(TARGET_NAME)";
				TEST_HOST = "$(BUILT_PRODUCTS_DIR)/Postcard.app/Postcard";
			};
			name = Release;
		};
/* End XCBuildConfiguration section */

/* Begin XCConfigurationList section */
		52CD1BE11A1301090074CC13 /* Build configuration list for PBXProject "Postcard" */ = {
			isa = XCConfigurationList;
			buildConfigurations = (
				52CD1C031A1301090074CC13 /* Debug */,
				52CD1C041A1301090074CC13 /* Release */,
			);
			defaultConfigurationIsVisible = 0;
			defaultConfigurationName = Release;
		};
		52CD1C051A1301090074CC13 /* Build configuration list for PBXNativeTarget "Postcard" */ = {
			isa = XCConfigurationList;
			buildConfigurations = (
				52CD1C061A1301090074CC13 /* Debug */,
				52CD1C071A1301090074CC13 /* Release */,
			);
			defaultConfigurationIsVisible = 0;
		};
		52CD1C081A1301090074CC13 /* Build configuration list for PBXNativeTarget "PostcardTests" */ = {
			isa = XCConfigurationList;
			buildConfigurations = (
				52CD1C091A1301090074CC13 /* Debug */,
				52CD1C0A1A1301090074CC13 /* Release */,
			);
			defaultConfigurationIsVisible = 0;
		};
/* End XCConfigurationList section */
	};
	rootObject = 52CD1BDE1A1301090074CC13 /* Project object */;
}
